
Microsoft Visual Studio Solution File, Format Version 12.00
# Visual Studio 15
VisualStudioVersion = 15.0.27130.2026
MinimumVisualStudioVersion = 10.0.40219.1
Project("{FAE04EC0-301F-11D3-BF4B-00C04F79EFBC}") = "huellador", "huellador\huellador.csproj", "{947CE0D4-46C3-4D0F-9C06-359812951785}"
EndProject
Global
	GlobalSection(SolutionConfigurationPlatforms) = preSolution
		Debug|Any CPU = Debug|Any CPU
		Release|Any CPU = Release|Any CPU
	EndGlobalSection
	GlobalSection(ProjectConfigurationPlatforms) = postSolution
		{947CE0D4-46C3-4D0F-9C06-359812951785}.Debug|Any CPU.ActiveCfg = Debug|Any CPU
		{947CE0D4-46C3-4D0F-9C06-359812951785}.Debug|Any CPU.Build.0 = Debug|Any CPU
		{947CE0D4-46C3-4D0F-9C06-359812951785}.Release|Any CPU.ActiveCfg = Release|Any CPU
		{947CE0D4-46C3-4D0F-9C06-359812951785}.Release|Any CPU.Build.0 = Release|Any CPU
	EndGlobalSection
	GlobalSection(SolutionProperties) = preSolution
		HideSolutionNode = FALSE
	EndGlobalSection
	GlobalSection(ExtensibilityGlobals) = postSolution
		SolutionGuid = {A6D90AD9-914B-41FB-818C-52B156A18AED}
	EndGlobalSection
EndGlobal
